<?xml version="1.0" encoding="utf-8"?>
<Project ToolsVersion="4.0" xmlns="http://schemas.microsoft.com/developer/msbuild/2003">
  <ItemGroup>
    <Filter Include=".resource">
      <UniqueIdentifier>{67DA6AB6-F800-4c08-8B7A-83BB121AAD01}</UniqueIdentifier>
      <Extensions>rc;ico;cur;bmp;dlg;rc2;rct;bin;rgs;gif;jpg;jpeg;jpe;resx;tiff;tif;png;wav;mfcribbon-ms</Extensions>
    </Filter>
    <Filter Include="base">
      <UniqueIdentifier>{76c4baa1-eba1-40f8-bcfb-cf218cc3c27c}</UniqueIdentifier>
    </Filter>
    <Filter Include="base\header">
      <UniqueIdentifier>{93995380-89BD-4b04-88EB-625FBE52EBFB}</UniqueIdentifier>
      <Extensions>h;hh;hpp;hxx;hm;inl;inc;xsd</Extensions>
    </Filter>
    <Filter Include="base\source">
      <UniqueIdentifier>{4FC737F1-C7A5-4376-A066-2A32D752A2FF}</UniqueIdentifier>
      <Extensions>cpp;c;cc;cxx;def;odl;idl;hpj;bat;asm;asmx</Extensions>
    </Filter>
    <Filter Include="model">
      <UniqueIdentifier>{7e52a91b-91d9-4640-93fe-fadcbfc474af}</UniqueIdentifier>
    </Filter>
    <Filter Include="model\header">
      <UniqueIdentifier>{bbcbccbd-2d11-4ec9-8449-eb79823c5d9d}</UniqueIdentifier>
    </Filter>
    <Filter Include="model\source">
      <UniqueIdentifier>{bca42495-51d2-4780-95fe-150189141746}</UniqueIdentifier>
    </Filter>
    <Filter Include="engine">
      <UniqueIdentifier>{6ab7a400-873d-4e21-af82-b385934866af}</UniqueIdentifier>
    </Filter>
    <Filter Include="engine\header">
      <UniqueIdentifier>{19ea1a51-20a1-41c5-9432-36619040b02c}</UniqueIdentifier>
    </Filter>
    <Filter Include="engine\source">
      <UniqueIdentifier>{08b1932d-b6e8-428a-992c-d92383e7324c}</UniqueIdentifier>
    </Filter>
    <Filter Include="sdk">
      <UniqueIdentifier>{6d9217a9-2d09-457b-920a-12d5568d82ee}</UniqueIdentifier>
    </Filter>
  </ItemGroup>
  <ItemGroup>
    <ClInclude Include="include\const.h">
      <Filter>base\header</Filter>
    </ClInclude>
    <ClInclude Include="res\resource.h">
      <Filter>.resource</Filter>
    </ClInclude>
    <ClInclude Include="include\base.h">
      <Filter>base\header</Filter>
    </ClInclude>
    <ClInclude Include="include\text.h">
      <Filter>base\header</Filter>
    </ClInclude>
    <ClInclude Include="include\service.h">
      <Filter>model\header</Filter>
    </ClInclude>
    <ClInclude Include="include\package.h">
      <Filter>model\header</Filter>
    </ClInclude>
    <ClInclude Include="include\spiritium.h">
      <Filter>sdk</Filter>
    </ClInclude>
    <ClInclude Include="include\memory.h">
      <Filter>model\header</Filter>
    </ClInclude>
    <ClInclude Include="include\context.h">
      <Filter>model\header</Filter>
    </ClInclude>
    <ClInclude Include="include\thread.h">
      <Filter>engine\header</Filter>
    </ClInclude>
    <ClInclude Include="include\worker.h">
      <Filter>engine\header</Filter>
    </ClInclude>
    <ClInclude Include="include\engine.h">
      <Filter>engine\header</Filter>
    </ClInclude>
    <ClInclude Include="include\driver.h">
      <Filter>engine\header</Filter>
    </ClInclude>
    <ClInclude Include="include\task.h">
      <Filter>engine\header</Filter>
    </ClInclude>
    <ClInclude Include="include\locator.h">
      <Filter>engine\header</Filter>
    </ClInclude>
    <ClInclude Include="include\setting.h">
      <Filter>base\header</Filter>
    </ClInclude>
    <ClInclude Include="include\error.h">
      <Filter>model\header</Filter>
    </ClInclude>
    <ClInclude Include="include\worker_cq.h">
      <Filter>engine\header</Filter>
    </ClInclude>
    <ClInclude Include="include\dataset.h">
      <Filter>model\header</Filter>
    </ClInclude>
  </ItemGroup>
  <ItemGroup>
    <ClCompile Include="src\dllmain.cpp">
      <Filter>base\source</Filter>
    </ClCompile>
    <ClCompile Include="src\base.cpp">
      <Filter>base\source</Filter>
    </ClCompile>
    <ClCompile Include="src\text.cpp">
      <Filter>base\source</Filter>
    </ClCompile>
    <ClCompile Include="src\service.cpp">
      <Filter>model\source</Filter>
    </ClCompile>
    <ClCompile Include="src\package.cpp">
      <Filter>model\source</Filter>
    </ClCompile>
    <ClCompile Include="src\memory.cpp">
      <Filter>model\source</Filter>
    </ClCompile>
    <ClCompile Include="src\engine.cpp">
      <Filter>engine\source</Filter>
    </ClCompile>
    <ClCompile Include="src\driver.cpp">
      <Filter>engine\source</Filter>
    </ClCompile>
    <ClCompile Include="src\task.cpp">
      <Filter>engine\source</Filter>
    </ClCompile>
    <ClCompile Include="src\locator.cpp">
      <Filter>engine\source</Filter>
    </ClCompile>
    <ClCompile Include="src\setting.cpp">
      <Filter>base\source</Filter>
    </ClCompile>
    <ClCompile Include="src\error.cpp">
      <Filter>model\source</Filter>
    </ClCompile>
    <ClCompile Include="src\worker.cpp">
      <Filter>engine\source</Filter>
    </ClCompile>
    <ClCompile Include="src\worker_cq.cpp">
      <Filter>engine\source</Filter>
    </ClCompile>
    <ClCompile Include="src\thread.cpp">
      <Filter>engine\source</Filter>
    </ClCompile>
    <ClCompile Include="src\context.cpp">
      <Filter>model\source</Filter>
    </ClCompile>
    <ClCompile Include="src\dataset.cpp">
      <Filter>model\source</Filter>
    </ClCompile>
  </ItemGroup>
  <ItemGroup>
    <ResourceCompile Include="res\engine_cpp.rc">
      <Filter>.resource</Filter>
    </ResourceCompile>
  </ItemGroup>
</Project>