<?xml version="1.0" encoding="utf-8"?>
<Project ToolsVersion="4.0" xmlns="http://schemas.microsoft.com/developer/msbuild/2003">
  <ItemGroup>
    <Filter Include="base">
      <UniqueIdentifier>{76c4baa1-eba1-40f8-bcfb-cf218cc3c27c}</UniqueIdentifier>
    </Filter>
    <Filter Include="base\header">
      <UniqueIdentifier>{93995380-89BD-4b04-88EB-625FBE52EBFB}</UniqueIdentifier>
      <Extensions>h;hh;hpp;hxx;hm;inl;inc;xsd</Extensions>
    </Filter>
    <Filter Include="base\source">
      <UniqueIdentifier>{4FC737F1-C7A5-4376-A066-2A32D752A2FF}</UniqueIdentifier>
      <Extensions>cpp;c;cc;cxx;def;odl;idl;hpj;bat;asm;asmx</Extensions>
    </Filter>
    <Filter Include="local">
      <UniqueIdentifier>{6ab7a400-873d-4e21-af82-b385934866af}</UniqueIdentifier>
    </Filter>
    <Filter Include="local\header">
      <UniqueIdentifier>{19ea1a51-20a1-41c5-9432-36619040b02c}</UniqueIdentifier>
    </Filter>
    <Filter Include="local\source">
      <UniqueIdentifier>{08b1932d-b6e8-428a-992c-d92383e7324c}</UniqueIdentifier>
    </Filter>
    <Filter Include=".sdk">
      <UniqueIdentifier>{5005aabc-9c8f-4570-a051-323e190f8258}</UniqueIdentifier>
    </Filter>
    <Filter Include="host">
      <UniqueIdentifier>{54b89a80-db03-42d2-890f-bf66fd170ff9}</UniqueIdentifier>
    </Filter>
    <Filter Include="host\header">
      <UniqueIdentifier>{16a1c727-81df-4229-829c-254ec7370a4a}</UniqueIdentifier>
    </Filter>
    <Filter Include="host\source">
      <UniqueIdentifier>{05bf9501-d85e-4c3f-8c18-def6dcabe5be}</UniqueIdentifier>
    </Filter>
    <Filter Include="task">
      <UniqueIdentifier>{7e52a91b-91d9-4640-93fe-fadcbfc474af}</UniqueIdentifier>
    </Filter>
    <Filter Include="task\header">
      <UniqueIdentifier>{bbcbccbd-2d11-4ec9-8449-eb79823c5d9d}</UniqueIdentifier>
    </Filter>
    <Filter Include="task\source">
      <UniqueIdentifier>{bca42495-51d2-4780-95fe-150189141746}</UniqueIdentifier>
    </Filter>
    <Filter Include=".version">
      <UniqueIdentifier>{67DA6AB6-F800-4c08-8B7A-83BB121AAD01}</UniqueIdentifier>
      <Extensions>rc;ico;cur;bmp;dlg;rc2;rct;bin;rgs;gif;jpg;jpeg;jpe;resx;tiff;tif;png;wav;mfcribbon-ms</Extensions>
    </Filter>
  </ItemGroup>
  <ItemGroup>
    <ClInclude Include="src\base\voidum.h">
      <Filter>.sdk</Filter>
    </ClInclude>
    <ClInclude Include="src\version\resource.h">
      <Filter>.version</Filter>
    </ClInclude>
    <ClInclude Include="src\base\base.h">
      <Filter>base\header</Filter>
    </ClInclude>
    <ClInclude Include="src\base\const.h">
      <Filter>base\header</Filter>
    </ClInclude>
    <ClInclude Include="src\base\engine.h">
      <Filter>base\header</Filter>
    </ClInclude>
    <ClInclude Include="src\base\setting.h">
      <Filter>base\header</Filter>
    </ClInclude>
    <ClInclude Include="src\base\text.h">
      <Filter>base\header</Filter>
    </ClInclude>
    <ClInclude Include="src\base\list.h">
      <Filter>base\header</Filter>
    </ClInclude>
    <ClInclude Include="src\host\driver.h">
      <Filter>host\header</Filter>
    </ClInclude>
    <ClInclude Include="src\host\package.h">
      <Filter>host\header</Filter>
    </ClInclude>
    <ClInclude Include="src\host\service.h">
      <Filter>host\header</Filter>
    </ClInclude>
    <ClInclude Include="src\local\worker_cq.h">
      <Filter>local\header</Filter>
    </ClInclude>
    <ClInclude Include="src\task\context.h">
      <Filter>task\header</Filter>
    </ClInclude>
    <ClInclude Include="src\task\error.h">
      <Filter>task\header</Filter>
    </ClInclude>
    <ClInclude Include="src\task\memory.h">
      <Filter>task\header</Filter>
    </ClInclude>
    <ClInclude Include="src\task\task.h">
      <Filter>task\header</Filter>
    </ClInclude>
    <ClInclude Include="src\task\worker.h">
      <Filter>task\header</Filter>
    </ClInclude>
    <ClInclude Include="src\host\host.h">
      <Filter>host\header</Filter>
    </ClInclude>
    <ClInclude Include="src\local\host_local.h">
      <Filter>local\header</Filter>
    </ClInclude>
    <ClInclude Include="src\task\message.h">
      <Filter>task\header</Filter>
    </ClInclude>
    <ClInclude Include="src\base\getter.h">
      <Filter>base\header</Filter>
    </ClInclude>
    <ClInclude Include="src\task\thread.h">
      <Filter>task\header</Filter>
    </ClInclude>
  </ItemGroup>
  <ItemGroup>
    <ClCompile Include="src\base\base.cpp">
      <Filter>base\source</Filter>
    </ClCompile>
    <ClCompile Include="src\base\dllmain.cpp">
      <Filter>base\source</Filter>
    </ClCompile>
    <ClCompile Include="src\base\engine.cpp">
      <Filter>base\source</Filter>
    </ClCompile>
    <ClCompile Include="src\base\setting.cpp">
      <Filter>base\source</Filter>
    </ClCompile>
    <ClCompile Include="src\base\text.cpp">
      <Filter>base\source</Filter>
    </ClCompile>
    <ClCompile Include="src\host\driver.cpp">
      <Filter>host\source</Filter>
    </ClCompile>
    <ClCompile Include="src\host\package.cpp">
      <Filter>host\source</Filter>
    </ClCompile>
    <ClCompile Include="src\host\service.cpp">
      <Filter>host\source</Filter>
    </ClCompile>
    <ClCompile Include="src\local\worker_cq.cpp">
      <Filter>local\source</Filter>
    </ClCompile>
    <ClCompile Include="src\task\context.cpp">
      <Filter>task\source</Filter>
    </ClCompile>
    <ClCompile Include="src\task\error.cpp">
      <Filter>task\source</Filter>
    </ClCompile>
    <ClCompile Include="src\task\memory.cpp">
      <Filter>task\source</Filter>
    </ClCompile>
    <ClCompile Include="src\task\task.cpp">
      <Filter>task\source</Filter>
    </ClCompile>
    <ClCompile Include="src\task\worker.cpp">
      <Filter>task\source</Filter>
    </ClCompile>
    <ClCompile Include="src\host\host.cpp">
      <Filter>host\source</Filter>
    </ClCompile>
    <ClCompile Include="src\local\host_local.cpp">
      <Filter>local\source</Filter>
    </ClCompile>
    <ClCompile Include="src\task\message.cpp">
      <Filter>task\source</Filter>
    </ClCompile>
    <ClCompile Include="src\base\getter.cpp">
      <Filter>base\source</Filter>
    </ClCompile>
    <ClCompile Include="src\task\thread.cpp">
      <Filter>task\source</Filter>
    </ClCompile>
  </ItemGroup>
  <ItemGroup>
    <ResourceCompile Include="src\version\engine_cpp.rc">
      <Filter>.version</Filter>
    </ResourceCompile>
  </ItemGroup>
</Project>